
Microsoft Visual Studio Solution File, Format Version 12.00
# Visual Studio 15
Project("{FAE04EC0-301F-11D3-BF4B-00C04F79EFBC}") = "BlackAndWhite", "BlackAndWhite\BlackAndWhite.csproj", "{A7988DA4-B5A4-42AD-ACB8-2D586C25FABE}"
EndProject
Global
	GlobalSection(SolutionConfigurationPlatforms) = preSolution
		Debug|x86 = Debug|x86
		Release|x86 = Release|x86
	EndGlobalSection
	GlobalSection(ProjectConfigurationPlatforms) = postSolution
		{A7988DA4-B5A4-42AD-ACB8-2D586C25FABE}.Debug|x86.ActiveCfg = Debug|x86
		{A7988DA4-B5A4-42AD-ACB8-2D586C25FABE}.Debug|x86.Build.0 = Debug|x86
		{A7988DA4-B5A4-42AD-ACB8-2D586C25FABE}.Release|x86.ActiveCfg = Release|x86
		{A7988DA4-B5A4-42AD-ACB8-2D586C25FABE}.Release|x86.Build.0 = Release|x86
	EndGlobalSection
EndGlobal
